
Microsoft Visual Studio Solution File, Format Version 12.00
# Visual Studio Version 17
VisualStudioVersion = 17.6.33829.357
MinimumVisualStudioVersion = 10.0.40219.1
Project("{FAE04EC0-301F-11D3-BF4B-00C04F79EFBC}") = "ElasticSearchExample", "ElasticSearchExample\ElasticSearchExample.csproj", "{1555CBA6-E3CB-4F49-ABDF-768584028C56}"
EndProject
Global
	GlobalSection(SolutionConfigurationPlatforms) = preSolution
		Debug|Any CPU = Debug|Any CPU
		Release|Any CPU = Release|Any CPU
	EndGlobalSection
	GlobalSection(ProjectConfigurationPlatforms) = postSolution
		{1555CBA6-E3CB-4F49-ABDF-768584028C56}.Debug|Any CPU.ActiveCfg = Debug|Any CPU
		{1555CBA6-E3CB-4F49-ABDF-768584028C56}.Debug|Any CPU.Build.0 = Debug|Any CPU
		{1555CBA6-E3CB-4F49-ABDF-768584028C56}.Release|Any CPU.ActiveCfg = Release|Any CPU
		{1555CBA6-E3CB-4F49-ABDF-768584028C56}.Release|Any CPU.Build.0 = Release|Any CPU
	EndGlobalSection
	GlobalSection(SolutionProperties) = preSolution
		HideSolutionNode = FALSE
	EndGlobalSection
	GlobalSection(ExtensibilityGlobals) = postSolution
		SolutionGuid = {783C3D2B-6E8A-4CD7-A319-A2F1312DD0B9}
	EndGlobalSection
EndGlobal
